version = 1
requires-python = ">=3.9"

[[package]]
name = "annotated-types"
version = "0.5.0"
source = { registry = "https://pypi.org/simple" }
sdist = { url = "https://files.pythonhosted.org/packages/42/97/41ccb6acac36fdd13592a686a21b311418f786f519e5794b957afbcea938/annotated_types-0.5.0.tar.gz", hash = "sha256:47cdc3490d9ac1506ce92c7aaa76c579dc3509ff11e098fc867e5130ab7be802", size = 13504 }
wheels = [
    { url = "https://files.pythonhosted.org/packages/d8/f0/a2ee543a96cc624c35a9086f39b1ed2aa403c6d355dfe47a11ee5c64a164/annotated_types-0.5.0-py3-none-any.whl", hash = "sha256:58da39888f92c276ad970249761ebea80ba544b77acddaa1a4d6cf78287d45fd", size = 11136 },
]

[[package]]
name = "colorama"
version = "0.4.6"
source = { registry = "https://pypi.org/simple" }
sdist = { url = "https://files.pythonhosted.org/packages/d8/53/6f443c9a4a8358a93a6792e2acffb9d9d5cb0a5cfd8802644b7b1c9a02e4/colorama-0.4.6.tar.gz", hash = "sha256:08695f5cb7ed6e0531a20572697297273c47b8cae5a63ffc6d6ed5c201be6e44", size = 27697 }
wheels = [
    { url = "https://files.pythonhosted.org/packages/d1/d6/3965ed04c63042e047cb6a3e6ed1a63a35087b6a609aa3a15ed8ac56c221/colorama-0.4.6-py2.py3-none-any.whl", hash = "sha256:4f1d9991f5acc0ca119f9d443620b77f9d6b33703e51011c16baf57afb285fc6", size = 25335 },
]

[[package]]
name = "exceptiongroup"
version = "1.2.2"
source = { registry = "https://pypi.org/simple" }
sdist = { url = "https://files.pythonhosted.org/packages/09/35/2495c4ac46b980e4ca1f6ad6db102322ef3ad2410b79fdde159a4b0f3b92/exceptiongroup-1.2.2.tar.gz", hash = "sha256:47c2edf7c6738fafb49fd34290706d1a1a2f4d1c6df275526b62cbb4aa5393cc", size = 28883 }
wheels = [
    { url = "https://files.pythonhosted.org/packages/02/cc/b7e31358aac6ed1ef2bb790a9746ac2c69bcb3c8588b41616914eb106eaf/exceptiongroup-1.2.2-py3-none-any.whl", hash = "sha256:3111b9d131c238bec2f8f516e123e14ba243563fb135d3fe885990585aa7795b", size = 16453 },
]

[[package]]
name = "faker"
version = "37.0.0"
source = { registry = "https://pypi.org/simple" }
dependencies = [
    { name = "tzdata" },
]
sdist = { url = "https://files.pythonhosted.org/packages/82/c6/6820408cdd87c11f1fbbd2349b05bbda28174d746e6d708ad0f0a934f9d7/faker-37.0.0.tar.gz", hash = "sha256:d2e4e2a30d459a8ec0ae52a552aa51c48973cb32cf51107dee90f58a8322a880", size = 1875487 }
wheels = [
    { url = "https://files.pythonhosted.org/packages/c6/03/0ffcbc5ab352c266a648d029f79de54ca205c04661203d46a42e3f03492b/faker-37.0.0-py3-none-any.whl", hash = "sha256:2598f78b76710a4ed05e197dda5235be409b4c291ba5c9c7514989cfbc7a5144", size = 1918764 },
]

[[package]]
name = "iniconfig"
version = "2.0.0"
source = { registry = "https://pypi.org/simple" }
sdist = { url = "https://files.pythonhosted.org/packages/d7/4b/cbd8e699e64a6f16ca3a8220661b5f83792b3017d0f79807cb8708d33913/iniconfig-2.0.0.tar.gz", hash = "sha256:2d91e135bf72d31a410b17c16da610a82cb55f6b0477d1a902134b24a455b8b3", size = 4646 }
wheels = [
    { url = "https://files.pythonhosted.org/packages/ef/a6/62565a6e1cf69e10f5727360368e451d4b7f58beeac6173dc9db836a5b46/iniconfig-2.0.0-py3-none-any.whl", hash = "sha256:b6a85871a79d2e3b22d2d1b94ac2824226a63c6b741c88f7ae975f18b6778374", size = 5892 },
]

[[package]]
name = "packaging"
version = "24.2"
source = { registry = "https://pypi.org/simple" }
sdist = { url = "https://files.pythonhosted.org/packages/d0/63/68dbb6eb2de9cb10ee4c9c14a0148804425e13c4fb20d61cce69f53106da/packaging-24.2.tar.gz", hash = "sha256:c228a6dc5e932d346bc5739379109d49e8853dd8223571c7c5b55260edc0b97f", size = 163950 }
wheels = [
    { url = "https://files.pythonhosted.org/packages/88/ef/eb23f262cca3c0c4eb7ab1933c3b1f03d021f2c48f54763065b6f0e321be/packaging-24.2-py3-none-any.whl", hash = "sha256:09abb1bccd265c01f4a3aa3f7a7db064b36514d2cba19a2f694fe6150451a759", size = 65451 },
]

[[package]]
name = "pluggy"
version = "1.5.0"
source = { registry = "https://pypi.org/simple" }
sdist = { url = "https://files.pythonhosted.org/packages/96/2d/02d4312c973c6050a18b314a5ad0b3210edb65a906f868e31c111dede4a6/pluggy-1.5.0.tar.gz", hash = "sha256:2cffa88e94fdc978c4c574f15f9e59b7f4201d439195c3715ca9e2486f1d0cf1", size = 67955 }
wheels = [
    { url = "https://files.pythonhosted.org/packages/88/5f/e351af9a41f866ac3f1fac4ca0613908d9a41741cfcf2228f4ad853b697d/pluggy-1.5.0-py3-none-any.whl", hash = "sha256:44e1ad92c8ca002de6377e165f3e0f1be63266ab4d554740532335b9d75ea669", size = 20556 },
]

[[package]]
name = "polyfactory"
version = "2.19.0"
source = { registry = "https://pypi.org/simple" }
dependencies = [
    { name = "faker" },
    { name = "typing-extensions" },
]
sdist = { url = "https://files.pythonhosted.org/packages/77/e8/81f5bd98329c8ca9f5a6ecbddfc9e8f4b4b512ffbd4e81f5886694e20887/polyfactory-2.19.0.tar.gz", hash = "sha256:6d4273fb1f23e1fccc7aa7c64e28ddc3c20105cc499df32ebc478465daa7fa72", size = 241199 }
wheels = [
    { url = "https://files.pythonhosted.org/packages/7c/5e/d3512a46d54b94f007583118d7e084631e034131aa4199b8d4314784ae8b/polyfactory-2.19.0-py3-none-any.whl", hash = "sha256:0137f5eaf1bc31c62c16ccbab9467e96a7352748ca426ef363bd081c149a3e3f", size = 59770 },
]

[[package]]
name = "py4j"
version = "0.10.9.7"
source = { registry = "https://pypi.org/simple" }
sdist = { url = "https://files.pythonhosted.org/packages/1e/f2/b34255180c72c36ff7097f7c2cdca02abcbd89f5eebf7c7c41262a9a0637/py4j-0.10.9.7.tar.gz", hash = "sha256:0b6e5315bb3ada5cf62ac651d107bb2ebc02def3dee9d9548e3baac644ea8dbb", size = 1508234 }
wheels = [
    { url = "https://files.pythonhosted.org/packages/10/30/a58b32568f1623aaad7db22aa9eafc4c6c194b429ff35bdc55ca2726da47/py4j-0.10.9.7-py2.py3-none-any.whl", hash = "sha256:85defdfd2b2376eb3abf5ca6474b51ab7e0de341c75a02f46dc9b5976f5a5c1b", size = 200481 },
]

[[package]]
name = "pydantic"
version = "2.5.3"
source = { registry = "https://pypi.org/simple" }
dependencies = [
    { name = "annotated-types" },
    { name = "pydantic-core" },
    { name = "typing-extensions" },
]
sdist = { url = "https://files.pythonhosted.org/packages/aa/3f/56142232152145ecbee663d70a19a45d078180633321efb3847d2562b490/pydantic-2.5.3.tar.gz", hash = "sha256:b3ef57c62535b0941697cce638c08900d87fcb67e29cfa99e8a68f747f393f7a", size = 651797 }
wheels = [
    { url = "https://files.pythonhosted.org/packages/dd/b7/9aea7ee6c01fe3f3c03b8ca3c7797c866df5fecece9d6cb27caa138db2e2/pydantic-2.5.3-py3-none-any.whl", hash = "sha256:d0caf5954bee831b6bfe7e338c32b9e30c85dfe080c843680783ac2b631673b4", size = 381926 },
]

[[package]]
name = "pydantic-core"
version = "2.14.6"
source = { registry = "https://pypi.org/simple" }
dependencies = [
    { name = "typing-extensions" },
]
sdist = { url = "https://files.pythonhosted.org/packages/b2/7d/8304d8471cfe4288f95a3065ebda56f9790d087edc356ad5bd83c89e2d79/pydantic_core-2.14.6.tar.gz", hash = "sha256:1fd0c1d395372843fba13a51c28e3bb9d59bd7aebfeb17358ffaaa1e4dbbe948", size = 360305 }
wheels = [
    { url = "https://files.pythonhosted.org/packages/28/fc/bfb0da2b2d5b44e49c4c0ce99b07bbfd9f1a4dc92fd3e328a5cf1144467e/pydantic_core-2.14.6-cp310-cp310-macosx_10_7_x86_64.whl", hash = "sha256:72f9a942d739f09cd42fffe5dc759928217649f070056f03c70df14f5770acf9", size = 1864856 },
    { url = "https://files.pythonhosted.org/packages/7d/3a/46913f3134aff44d11edd7bdbba88efe6081f963014e6eaccf83fd8de2d7/pydantic_core-2.14.6-cp310-cp310-macosx_11_0_arm64.whl", hash = "sha256:6a31d98c0d69776c2576dda4b77b8e0c69ad08e8b539c25c7d0ca0dc19a50d6c", size = 1744162 },
    { url = "https://files.pythonhosted.org/packages/8f/2d/919d3642da44bc9d9c60a2e7bbda04633fc3ffbd6768c355ac0d7e2424d7/pydantic_core-2.14.6-cp310-cp310-manylinux_2_17_aarch64.manylinux2014_aarch64.whl", hash = "sha256:5aa90562bc079c6c290f0512b21768967f9968e4cfea84ea4ff5af5d917016e4", size = 1832506 },
    { url = "https://files.pythonhosted.org/packages/9b/cd/a2db754b0124e64ad7912160d9c9db310cbd52a990841ef121b53453992d/pydantic_core-2.14.6-cp310-cp310-manylinux_2_17_armv7l.manylinux2014_armv7l.whl", hash = "sha256:370ffecb5316ed23b667d99ce4debe53ea664b99cc37bfa2af47bc769056d534", size = 1855925 },
    { url = "https://files.pythonhosted.org/packages/29/5c/63eb74c7a97daf0ee45dc876f0b0d9cdea9c5c9d64e92508a765cb802e14/pydantic_core-2.14.6-cp310-cp310-manylinux_2_17_ppc64le.manylinux2014_ppc64le.whl", hash = "sha256:f85f3843bdb1fe80e8c206fe6eed7a1caeae897e496542cee499c374a85c6e08", size = 2005859 },
    { url = "https://files.pythonhosted.org/packages/5f/0c/3aeafa496aaf656be3682cbcacbfe3b4a4b366aaddac0ea74fb2c7c276a2/pydantic_core-2.14.6-cp310-cp310-manylinux_2_17_s390x.manylinux2014_s390x.whl", hash = "sha256:9862bf828112e19685b76ca499b379338fd4c5c269d897e218b2ae8fcb80139d", size = 2987131 },
    { url = "https://files.pythonhosted.org/packages/90/28/3c6843e6b203999be2660d3f114be196f2182dcac533dc764ad320c9184d/pydantic_core-2.14.6-cp310-cp310-manylinux_2_17_x86_64.manylinux2014_x86_64.whl", hash = "sha256:036137b5ad0cb0004c75b579445a1efccd072387a36c7f217bb8efd1afbe5245", size = 2072940 },
    { url = "https://files.pythonhosted.org/packages/f3/7e/f1c1cf229bd404f5daf972345030f0c205424a326e67ae888c4a5a9066bd/pydantic_core-2.14.6-cp310-cp310-manylinux_2_5_i686.manylinux1_i686.whl", hash = "sha256:92879bce89f91f4b2416eba4429c7b5ca22c45ef4a499c39f0c5c69257522c7c", size = 1922278 },
    { url = "https://files.pythonhosted.org/packages/bb/32/a2f381c8ae08a9682d4e7943ba1f5b518e6f2bdd8261c23721691b332966/pydantic_core-2.14.6-cp310-cp310-musllinux_1_1_aarch64.whl", hash = "sha256:0c08de15d50fa190d577e8591f0329a643eeaed696d7771760295998aca6bc66", size = 2012961 },
    { url = "https://files.pythonhosted.org/packages/b3/c5/2accf5bbc145b890454d4eaf8dcd6423d406fc9f64147fd9020618363866/pydantic_core-2.14.6-cp310-cp310-musllinux_1_1_x86_64.whl", hash = "sha256:36099c69f6b14fc2c49d7996cbf4f87ec4f0e66d1c74aa05228583225a07b590", size = 2138726 },
    { url = "https://files.pythonhosted.org/packages/b4/70/9e4f5624c6d62fe4e0c3199c818c141ab37756987e1e6db965b18d9c344b/pydantic_core-2.14.6-cp310-none-win32.whl", hash = "sha256:7be719e4d2ae6c314f72844ba9d69e38dff342bc360379f7c8537c48e23034b7", size = 1731407 },
    { url = "https://files.pythonhosted.org/packages/4b/26/0645f87ed58c9ec41def2268ea1d96d4a436bbcd151fe126b80cb649e49d/pydantic_core-2.14.6-cp310-none-win_amd64.whl", hash = "sha256:36fa402dcdc8ea7f1b0ddcf0df4254cc6b2e08f8cd80e7010d4c4ae6e86b2a87", size = 1891831 },
    { url = "https://files.pythonhosted.org/packages/7d/77/cbfa02b5f46c5ec6be131d97ae93eef883e25d61b4f4d0a058c792b7e3a2/pydantic_core-2.14.6-cp311-cp311-macosx_10_7_x86_64.whl", hash = "sha256:dea7fcd62915fb150cdc373212141a30037e11b761fbced340e9db3379b892d4", size = 1861976 },
    { url = "https://files.pythonhosted.org/packages/fb/17/3e4908cf8cb5a1d189f9dfa7cb5698d945e9a4db6b9138e3fef3c32c1f68/pydantic_core-2.14.6-cp311-cp311-macosx_11_0_arm64.whl", hash = "sha256:ffff855100bc066ff2cd3aa4a60bc9534661816b110f0243e59503ec2df38421", size = 1744008 },
    { url = "https://files.pythonhosted.org/packages/14/53/7844d20be3a334ea46cdcde8a480cf47e31026d4117d7415a0144d7379c9/pydantic_core-2.14.6-cp311-cp311-manylinux_2_17_aarch64.manylinux2014_aarch64.whl", hash = "sha256:1b027c86c66b8627eb90e57aee1f526df77dc6d8b354ec498be9a757d513b92b", size = 1830087 },
    { url = "https://files.pythonhosted.org/packages/f1/7b/0fd3444362f31c5f42b655c1ed734480433aa9f8bde97daa19cee0bc2844/pydantic_core-2.14.6-cp311-cp311-manylinux_2_17_armv7l.manylinux2014_armv7l.whl", hash = "sha256:00b1087dabcee0b0ffd104f9f53d7d3eaddfaa314cdd6726143af6bc713aa27e", size = 1852928 },
    { url = "https://files.pythonhosted.org/packages/24/1d/601f861c0d76154217ea6b066e39f04159a761b9c3a7ca56b0dd0267ce3a/pydantic_core-2.14.6-cp311-cp311-manylinux_2_17_ppc64le.manylinux2014_ppc64le.whl", hash = "sha256:75ec284328b60a4e91010c1acade0c30584f28a1f345bc8f72fe8b9e46ec6a96", size = 2003799 },
    { url = "https://files.pythonhosted.org/packages/e8/5e/a30d56bb6b19e84bcde76cba2d6df45779f127ec73fa2e6d91f0ad3d4bc2/pydantic_core-2.14.6-cp311-cp311-manylinux_2_17_s390x.manylinux2014_s390x.whl", hash = "sha256:7e1f4744eea1501404b20b0ac059ff7e3f96a97d3e3f48ce27a139e053bb370b", size = 2985579 },
    { url = "https://files.pythonhosted.org/packages/e7/84/2dc88180fc6f0d13aab2a47a53b89c2dbc239e2a87d0a58e31077e111e82/pydantic_core-2.14.6-cp311-cp311-manylinux_2_17_x86_64.manylinux2014_x86_64.whl", hash = "sha256:b2602177668f89b38b9f84b7b3435d0a72511ddef45dc14446811759b82235a1", size = 2071737 },
    { url = "https://files.pythonhosted.org/packages/0d/18/7c17d33b2c8dea2189b2547bafcb70a69a3e537eec12429cc0abfedab683/pydantic_core-2.14.6-cp311-cp311-manylinux_2_5_i686.manylinux1_i686.whl", hash = "sha256:6c8edaea3089bf908dd27da8f5d9e395c5b4dc092dbcce9b65e7156099b4b937", size = 1919929 },
    { url = "https://files.pythonhosted.org/packages/c1/7b/a1cfe9d3fdedf2b33d41960500c17ccba025b483720c79965b73d607687f/pydantic_core-2.14.6-cp311-cp311-musllinux_1_1_aarch64.whl", hash = "sha256:478e9e7b360dfec451daafe286998d4a1eeaecf6d69c427b834ae771cad4b622", size = 2010042 },
    { url = "https://files.pythonhosted.org/packages/2a/09/c39be628d6068952f30b381576a4392af2024505747572cd70b19f6d9bde/pydantic_core-2.14.6-cp311-cp311-musllinux_1_1_x86_64.whl", hash = "sha256:b6ca36c12a5120bad343eef193cc0122928c5c7466121da7c20f41160ba00ba2", size = 2135569 },
    { url = "https://files.pythonhosted.org/packages/8a/07/ea362b25882fb0efbe2818011a572a112416903fbc3205b6c5dab3d9695c/pydantic_core-2.14.6-cp311-none-win32.whl", hash = "sha256:2b8719037e570639e6b665a4050add43134d80b687288ba3ade18b22bbb29dd2", size = 1730779 },
    { url = "https://files.pythonhosted.org/packages/72/d2/fcb3bc3d6d2fa35387b57e9925f1ff5469c2da634b85061dadbd8c398545/pydantic_core-2.14.6-cp311-none-win_amd64.whl", hash = "sha256:78ee52ecc088c61cce32b2d30a826f929e1708f7b9247dc3b921aec367dc1b23", size = 1891297 },
    { url = "https://files.pythonhosted.org/packages/20/68/41661007a1436f5f3dea7b9f536f083bbf843c8ebd6a207c36c98b01bde1/pydantic_core-2.14.6-cp311-none-win_arm64.whl", hash = "sha256:a19b794f8fe6569472ff77602437ec4430f9b2b9ec7a1105cfd2232f9ba355e6", size = 1849591 },
    { url = "https://files.pythonhosted.org/packages/b1/26/4bd7ac215215322a693c178a022993450ebf7b1e91b26941f72407e1e9a1/pydantic_core-2.14.6-cp312-cp312-macosx_10_7_x86_64.whl", hash = "sha256:667aa2eac9cd0700af1ddb38b7b1ef246d8cf94c85637cbb03d7757ca4c3fdec", size = 1855038 },
    { url = "https://files.pythonhosted.org/packages/a5/f8/07a2563f40b863ba97f3db648697f3f1d7b7edf1bd679f210064cb556e74/pydantic_core-2.14.6-cp312-cp312-macosx_11_0_arm64.whl", hash = "sha256:cdee837710ef6b56ebd20245b83799fce40b265b3b406e51e8ccc5b85b9099b7", size = 1718829 },
    { url = "https://files.pythonhosted.org/packages/ba/98/fb42628ed811643c364e05353d3a015c74859402994420aeba8e3e34a54c/pydantic_core-2.14.6-cp312-cp312-manylinux_2_17_aarch64.manylinux2014_aarch64.whl", hash = "sha256:2c5bcf3414367e29f83fd66f7de64509a8fd2368b1edf4351e862910727d3e51", size = 1824883 },
    { url = "https://files.pythonhosted.org/packages/69/ed/6a318d3846ac45e4e8d7c81a4c4f9cad341f4715521cc2cc7baecd6be9c0/pydantic_core-2.14.6-cp312-cp312-manylinux_2_17_armv7l.manylinux2014_armv7l.whl", hash = "sha256:26a92ae76f75d1915806b77cf459811e772d8f71fd1e4339c99750f0e7f6324f", size = 1834955 },
    { url = "https://files.pythonhosted.org/packages/0b/d0/adf341fb8ed080bf5abb91c42752ffa099d8439e45d3fa40a21f259f724c/pydantic_core-2.14.6-cp312-cp312-manylinux_2_17_ppc64le.manylinux2014_ppc64le.whl", hash = "sha256:a983cca5ed1dd9a35e9e42ebf9f278d344603bfcb174ff99a5815f953925140a", size = 1994990 },
    { url = "https://files.pythonhosted.org/packages/5e/58/7cac843607f3b2d0af1768fae90ef219413db163a7cfb7557344edfeed2f/pydantic_core-2.14.6-cp312-cp312-manylinux_2_17_s390x.manylinux2014_s390x.whl", hash = "sha256:cb92f9061657287eded380d7dc455bbf115430b3aa4741bdc662d02977e7d0af", size = 3001843 },
    { url = "https://files.pythonhosted.org/packages/f3/62/076e6c43735950e911d80c6edf215314a8cf9b8adefe9613b72b09ccb1ee/pydantic_core-2.14.6-cp312-cp312-manylinux_2_17_x86_64.manylinux2014_x86_64.whl", hash = "sha256:e4ace1e220b078c8e48e82c081e35002038657e4b37d403ce940fa679e57113b", size = 2067417 },
    { url = "https://files.pythonhosted.org/packages/d0/21/7ca5edf46bc6706152d459b560d669cfd72afe0dda24292408f1be8008d6/pydantic_core-2.14.6-cp312-cp312-manylinux_2_5_i686.manylinux1_i686.whl", hash = "sha256:ef633add81832f4b56d3b4c9408b43d530dfca29e68fb1b797dcb861a2c734cd", size = 1922514 },
    { url = "https://files.pythonhosted.org/packages/b7/53/101aac1d63a743284cdae804ceb6f561879c385f355caf20d2d87da6d36d/pydantic_core-2.14.6-cp312-cp312-musllinux_1_1_aarch64.whl", hash = "sha256:7e90d6cc4aad2cc1f5e16ed56e46cebf4877c62403a311af20459c15da76fd91", size = 2004496 },
    { url = "https://files.pythonhosted.org/packages/9f/7a/2e906fc1a5e4ca45e730118f0afb4878a39a1d505d895835d8cc5452446c/pydantic_core-2.14.6-cp312-cp312-musllinux_1_1_x86_64.whl", hash = "sha256:e8a5ac97ea521d7bde7621d86c30e86b798cdecd985723c4ed737a2aa9e77d0c", size = 2129106 },
    { url = "https://files.pythonhosted.org/packages/d9/3e/28bd56c6aeadaae2eca12e39274b880505dd7fc9fa7b732d11167275c084/pydantic_core-2.14.6-cp312-none-win32.whl", hash = "sha256:f27207e8ca3e5e021e2402ba942e5b4c629718e665c81b8b306f3c8b1ddbb786", size = 1743090 },
    { url = "https://files.pythonhosted.org/packages/84/13/afa2b5c336d30a43592f9bc8d5769ccd15b32b4ef243bd792496fe336925/pydantic_core-2.14.6-cp312-none-win_amd64.whl", hash = "sha256:b3e5fe4538001bb82e2295b8d2a39356a84694c97cb73a566dc36328b9f83b40", size = 1866497 },
    { url = "https://files.pythonhosted.org/packages/04/33/68e91365ac5ef23fc70fbc4e24ab2f212a6ca39cd23b81589af9807946df/pydantic_core-2.14.6-cp312-none-win_arm64.whl", hash = "sha256:64634ccf9d671c6be242a664a33c4acf12882670b09b3f163cd00a24cffbd74e", size = 1844384 },
    { url = "https://files.pythonhosted.org/packages/80/8c/d40937f7f7ccfe9776d1e32b36cebe606da9f11624927bd26722c43ea9cb/pydantic_core-2.14.6-cp39-cp39-macosx_10_7_x86_64.whl", hash = "sha256:4ce8299b481bcb68e5c82002b96e411796b844d72b3e92a3fbedfe8e19813eab", size = 1864545 },
    { url = "https://files.pythonhosted.org/packages/f4/cd/252101e88458f4e7c4d2c44400050f92a0b13960ed3c489b513c97aaa7a6/pydantic_core-2.14.6-cp39-cp39-macosx_11_0_arm64.whl", hash = "sha256:b9a9d92f10772d2a181b5ca339dee066ab7d1c9a34ae2421b2a52556e719756f", size = 1731389 },
    { url = "https://files.pythonhosted.org/packages/b1/1c/ab01fa05c9fc885a73357116c494feafe1207035f13848e4a772fc9d6154/pydantic_core-2.14.6-cp39-cp39-manylinux_2_17_aarch64.manylinux2014_aarch64.whl", hash = "sha256:fd9e98b408384989ea4ab60206b8e100d8687da18b5c813c11e92fd8212a98e0", size = 1831538 },
    { url = "https://files.pythonhosted.org/packages/3d/cf/d2e97b2bfd0bff7c4e9086fab03956003e906557c9c52941c15fed75152d/pydantic_core-2.14.6-cp39-cp39-manylinux_2_17_armv7l.manylinux2014_armv7l.whl", hash = "sha256:4f86f1f318e56f5cbb282fe61eb84767aee743ebe32c7c0834690ebea50c0a6b", size = 1855754 },
    { url = "https://files.pythonhosted.org/packages/93/57/9a77cc69f05f725a2b492a18209a43ba4e8b9ee179d3c27a8b6b3ab2f921/pydantic_core-2.14.6-cp39-cp39-manylinux_2_17_ppc64le.manylinux2014_ppc64le.whl", hash = "sha256:86ce5fcfc3accf3a07a729779d0b86c5d0309a4764c897d86c11089be61da160", size = 2005450 },
    { url = "https://files.pythonhosted.org/packages/5d/ca/e8fe62da4eb4b538c380900372021c560c3514514677d6d328ac5b95da7c/pydantic_core-2.14.6-cp39-cp39-manylinux_2_17_s390x.manylinux2014_s390x.whl", hash = "sha256:3dcf1978be02153c6a31692d4fbcc2a3f1db9da36039ead23173bc256ee3b91b", size = 2988683 },
    { url = "https://files.pythonhosted.org/packages/55/0f/45626f8bf7f7973320531bb384ac302eb9b05a70885b9db2bf1db4cf447b/pydantic_core-2.14.6-cp39-cp39-manylinux_2_17_x86_64.manylinux2014_x86_64.whl", hash = "sha256:eedf97be7bc3dbc8addcef4142f4b4164066df0c6f36397ae4aaed3eb187d8ab", size = 2072750 },
    { url = "https://files.pythonhosted.org/packages/ce/95/d0bc7df3de0eaad08de467c50d1dc423839864f32e78da1cf57af3bbb2cc/pydantic_core-2.14.6-cp39-cp39-manylinux_2_5_i686.manylinux1_i686.whl", hash = "sha256:d5f916acf8afbcab6bacbb376ba7dc61f845367901ecd5e328fc4d4aef2fcab0", size = 1922674 },
    { url = "https://files.pythonhosted.org/packages/ba/09/8078e77e73dda7df0d5cca8541d1fb731a52bc00188806676c3635c344a9/pydantic_core-2.14.6-cp39-cp39-musllinux_1_1_aarch64.whl", hash = "sha256:8a14c192c1d724c3acbfb3f10a958c55a2638391319ce8078cb36c02283959b9", size = 2013299 },
    { url = "https://files.pythonhosted.org/packages/79/ae/ec8eaa6d9a1305100321d7b9c3c87e015ae61da02a877cfd16b0366b18ff/pydantic_core-2.14.6-cp39-cp39-musllinux_1_1_x86_64.whl", hash = "sha256:0348b1dc6b76041516e8a854ff95b21c55f5a411c3297d2ca52f5528e49d8411", size = 2138619 },
    { url = "https://files.pythonhosted.org/packages/98/23/d210c33379ef0525c2cf870a1922b89c11afc3a5b5b2e0485323a383c03a/pydantic_core-2.14.6-cp39-none-win32.whl", hash = "sha256:de2a0645a923ba57c5527497daf8ec5df69c6eadf869e9cd46e86349146e5975", size = 1731133 },
    { url = "https://files.pythonhosted.org/packages/e8/88/a996678cc0a6ed714ccef36c155caacae9b072689c72f1a6f5e62ea62f5b/pydantic_core-2.14.6-cp39-none-win_amd64.whl", hash = "sha256:aca48506a9c20f68ee61c87f2008f81f8ee99f8d7f0104bff3c47e2d148f89d9", size = 1891877 },
    { url = "https://files.pythonhosted.org/packages/28/1e/04ede6259a552777a859d2d5828aedd540ca0db967641d61be864a49671a/pydantic_core-2.14.6-pp310-pypy310_pp73-macosx_10_7_x86_64.whl", hash = "sha256:d5c28525c19f5bb1e09511669bb57353d22b94cf8b65f3a8d141c389a55dec95", size = 1862248 },
    { url = "https://files.pythonhosted.org/packages/f9/84/c53d351f926630753b8dcf37ec2edf8b55a5a1724b3edc5104e06d3e54f1/pydantic_core-2.14.6-pp310-pypy310_pp73-macosx_11_0_arm64.whl", hash = "sha256:78d0768ee59baa3de0f4adac9e3748b4b1fffc52143caebddfd5ea2961595277", size = 1734357 },
    { url = "https://files.pythonhosted.org/packages/88/bb/58bd737b1f4a3b567410fd7a55f2e0ed4ba3209bb1a7a35856714a322a04/pydantic_core-2.14.6-pp310-pypy310_pp73-manylinux_2_17_aarch64.manylinux2014_aarch64.whl", hash = "sha256:8b93785eadaef932e4fe9c6e12ba67beb1b3f1e5495631419c784ab87e975670", size = 1821824 },
    { url = "https://files.pythonhosted.org/packages/bc/7f/20ddc4eb15708cc6832c0cc2e398d0fa642aaf28d6ebcbcfb2d284ec6824/pydantic_core-2.14.6-pp310-pypy310_pp73-manylinux_2_17_x86_64.manylinux2014_x86_64.whl", hash = "sha256:a874f21f87c485310944b2b2734cd6d318765bcbb7515eead33af9641816506e", size = 1956646 },
    { url = "https://files.pythonhosted.org/packages/13/33/9f761908fde3a6bb10ac865459a6931e53a2cde622782d243365e70981b7/pydantic_core-2.14.6-pp310-pypy310_pp73-manylinux_2_5_i686.manylinux1_i686.whl", hash = "sha256:b89f4477d915ea43b4ceea6756f63f0288941b6443a2b28c69004fe07fde0d0d", size = 1907843 },
    { url = "https://files.pythonhosted.org/packages/84/e4/da29895abb136eea169944eb81f866d783255c4a6fd581c667c15743b171/pydantic_core-2.14.6-pp310-pypy310_pp73-musllinux_1_1_aarch64.whl", hash = "sha256:172de779e2a153d36ee690dbc49c6db568d7b33b18dc56b69a7514aecbcf380d", size = 2002448 },
    { url = "https://files.pythonhosted.org/packages/9d/21/32afbed9bfedf916dff87846e10ecd8711ba63c88cd6c9bcfc3297ef22ca/pydantic_core-2.14.6-pp310-pypy310_pp73-musllinux_1_1_x86_64.whl", hash = "sha256:dfcebb950aa7e667ec226a442722134539e77c575f6cfaa423f24371bb8d2e94", size = 2131708 },
    { url = "https://files.pythonhosted.org/packages/44/b1/bb98ca320ddc91734839ef12af4afe8ae9710a734a05850225ff1830e7e8/pydantic_core-2.14.6-pp310-pypy310_pp73-win_amd64.whl", hash = "sha256:55a23dcd98c858c0db44fc5c04fc7ed81c4b4d33c653a7c45ddaebf6563a2f66", size = 1985502 },
    { url = "https://files.pythonhosted.org/packages/59/f6/1e7193769d24b32b19139fb875693d7a351af17f10354e7583a0f7b61a49/pydantic_core-2.14.6-pp39-pypy39_pp73-macosx_10_7_x86_64.whl", hash = "sha256:86c963186ca5e50d5c8287b1d1c9d3f8f024cbe343d048c5bd282aec2d8641f2", size = 1862312 },
    { url = "https://files.pythonhosted.org/packages/fb/ff/812893fd262a98f0291f6afd87a530eb87c75ddc92034b938b8d15aa5ff4/pydantic_core-2.14.6-pp39-pypy39_pp73-macosx_11_0_arm64.whl", hash = "sha256:e0641b506486f0b4cd1500a2a65740243e8670a2549bb02bc4556a83af84ae03", size = 1734314 },
    { url = "https://files.pythonhosted.org/packages/a2/7e/4af14122c7ea67ad5582fddae56f7827044f6b43cca6c7e7421686cca3de/pydantic_core-2.14.6-pp39-pypy39_pp73-manylinux_2_17_aarch64.manylinux2014_aarch64.whl", hash = "sha256:71d72ca5eaaa8d38c8df16b7deb1a2da4f650c41b58bb142f3fb75d5ad4a611f", size = 1821778 },
    { url = "https://files.pythonhosted.org/packages/7f/3d/91a26a7004a57f374d85d837b4b06dde818045ddba34bc19909e04e2a14d/pydantic_core-2.14.6-pp39-pypy39_pp73-manylinux_2_17_x86_64.manylinux2014_x86_64.whl", hash = "sha256:27e524624eace5c59af499cd97dc18bb201dc6a7a2da24bfc66ef151c69a5f2a", size = 1956642 },
    { url = "https://files.pythonhosted.org/packages/31/76/ee3c136138fbda5f58c3c49371503b42f3a9c678ef284a0b39be17253d78/pydantic_core-2.14.6-pp39-pypy39_pp73-manylinux_2_5_i686.manylinux1_i686.whl", hash = "sha256:a3dde6cac75e0b0902778978d3b1646ca9f438654395a362cb21d9ad34b24acf", size = 1907789 },
    { url = "https://files.pythonhosted.org/packages/5c/7a/ceb3c9228ad9ff009ee70fd09ffb9160a45a8adaac5c9a90bc9496a1020e/pydantic_core-2.14.6-pp39-pypy39_pp73-musllinux_1_1_aarch64.whl", hash = "sha256:00646784f6cd993b1e1c0e7b0fdcbccc375d539db95555477771c27555e3c556", size = 2002380 },
    { url = "https://files.pythonhosted.org/packages/e9/b8/5baba04b116546302bc0a07ba0989326a167aeec29fd6f5cadc7deb758b1/pydantic_core-2.14.6-pp39-pypy39_pp73-musllinux_1_1_x86_64.whl", hash = "sha256:23598acb8ccaa3d1d875ef3b35cb6376535095e9405d91a3d57a8c7db5d29341", size = 2131726 },
    { url = "https://files.pythonhosted.org/packages/8c/54/0e231a3405827ad8cdc84ae043aa95bfa2cd2d712fc089cb5162dcbbb2e6/pydantic_core-2.14.6-pp39-pypy39_pp73-win_amd64.whl", hash = "sha256:7f41533d7e3cf9520065f610b41ac1c76bc2161415955fbcead4981b22c7611e", size = 1985447 },
]

[[package]]
name = "pyspark"
version = "3.5.5"
source = { registry = "https://pypi.org/simple" }
dependencies = [
    { name = "py4j" },
]
sdist = { url = "https://files.pythonhosted.org/packages/5f/8f/b616ef710932ccdbabd8511e08890a677482ab2967b7cf276c09a02bc64c/pyspark-3.5.5.tar.gz", hash = "sha256:6effc9ce98edf231f4d683fd14f7270629bf8458c628d6a2620ded4bb34f3cb9", size = 317214975 }

[[package]]
name = "pytest"
version = "8.3.5"
source = { registry = "https://pypi.org/simple" }
dependencies = [
    { name = "colorama", marker = "sys_platform == 'win32'" },
    { name = "exceptiongroup", marker = "python_full_version < '3.11'" },
    { name = "iniconfig" },
    { name = "packaging" },
    { name = "pluggy" },
    { name = "tomli", marker = "python_full_version < '3.11'" },
]
sdist = { url = "https://files.pythonhosted.org/packages/ae/3c/c9d525a414d506893f0cd8a8d0de7706446213181570cdbd766691164e40/pytest-8.3.5.tar.gz", hash = "sha256:f4efe70cc14e511565ac476b57c279e12a855b11f48f212af1080ef2263d3845", size = 1450891 }
wheels = [
    { url = "https://files.pythonhosted.org/packages/30/3d/64ad57c803f1fa1e963a7946b6e0fea4a70df53c1a7fed304586539c2bac/pytest-8.3.5-py3-none-any.whl", hash = "sha256:c69214aa47deac29fad6c2a4f590b9c4a9fdb16a403176fe154b79c0b4d4d820", size = 343634 },
]

[[package]]
name = "tomli"
version = "2.2.1"
source = { registry = "https://pypi.org/simple" }
sdist = { url = "https://files.pythonhosted.org/packages/18/87/302344fed471e44a87289cf4967697d07e532f2421fdaf868a303cbae4ff/tomli-2.2.1.tar.gz", hash = "sha256:cd45e1dc79c835ce60f7404ec8119f2eb06d38b1deba146f07ced3bbc44505ff", size = 17175 }
wheels = [
    { url = "https://files.pythonhosted.org/packages/43/ca/75707e6efa2b37c77dadb324ae7d9571cb424e61ea73fad7c56c2d14527f/tomli-2.2.1-cp311-cp311-macosx_10_9_x86_64.whl", hash = "sha256:678e4fa69e4575eb77d103de3df8a895e1591b48e740211bd1067378c69e8249", size = 131077 },
    { url = "https://files.pythonhosted.org/packages/c7/16/51ae563a8615d472fdbffc43a3f3d46588c264ac4f024f63f01283becfbb/tomli-2.2.1-cp311-cp311-macosx_11_0_arm64.whl", hash = "sha256:023aa114dd824ade0100497eb2318602af309e5a55595f76b626d6d9f3b7b0a6", size = 123429 },
    { url = "https://files.pythonhosted.org/packages/f1/dd/4f6cd1e7b160041db83c694abc78e100473c15d54620083dbd5aae7b990e/tomli-2.2.1-cp311-cp311-manylinux_2_17_aarch64.manylinux2014_aarch64.whl", hash = "sha256:ece47d672db52ac607a3d9599a9d48dcb2f2f735c6c2d1f34130085bb12b112a", size = 226067 },
    { url = "https://files.pythonhosted.org/packages/a9/6b/c54ede5dc70d648cc6361eaf429304b02f2871a345bbdd51e993d6cdf550/tomli-2.2.1-cp311-cp311-manylinux_2_17_x86_64.manylinux2014_x86_64.whl", hash = "sha256:6972ca9c9cc9f0acaa56a8ca1ff51e7af152a9f87fb64623e31d5c83700080ee", size = 236030 },
    { url = "https://files.pythonhosted.org/packages/1f/47/999514fa49cfaf7a92c805a86c3c43f4215621855d151b61c602abb38091/tomli-2.2.1-cp311-cp311-manylinux_2_5_i686.manylinux1_i686.manylinux_2_17_i686.manylinux2014_i686.whl", hash = "sha256:c954d2250168d28797dd4e3ac5cf812a406cd5a92674ee4c8f123c889786aa8e", size = 240898 },
    { url = "https://files.pythonhosted.org/packages/73/41/0a01279a7ae09ee1573b423318e7934674ce06eb33f50936655071d81a24/tomli-2.2.1-cp311-cp311-musllinux_1_2_aarch64.whl", hash = "sha256:8dd28b3e155b80f4d54beb40a441d366adcfe740969820caf156c019fb5c7ec4", size = 229894 },
    { url = "https://files.pythonhosted.org/packages/55/18/5d8bc5b0a0362311ce4d18830a5d28943667599a60d20118074ea1b01bb7/tomli-2.2.1-cp311-cp311-musllinux_1_2_i686.whl", hash = "sha256:e59e304978767a54663af13c07b3d1af22ddee3bb2fb0618ca1593e4f593a106", size = 245319 },
    { url = "https://files.pythonhosted.org/packages/92/a3/7ade0576d17f3cdf5ff44d61390d4b3febb8a9fc2b480c75c47ea048c646/tomli-2.2.1-cp311-cp311-musllinux_1_2_x86_64.whl", hash = "sha256:33580bccab0338d00994d7f16f4c4ec25b776af3ffaac1ed74e0b3fc95e885a8", size = 238273 },
    { url = "https://files.pythonhosted.org/packages/72/6f/fa64ef058ac1446a1e51110c375339b3ec6be245af9d14c87c4a6412dd32/tomli-2.2.1-cp311-cp311-win32.whl", hash = "sha256:465af0e0875402f1d226519c9904f37254b3045fc5084697cefb9bdde1ff99ff", size = 98310 },
    { url = "https://files.pythonhosted.org/packages/6a/1c/4a2dcde4a51b81be3530565e92eda625d94dafb46dbeb15069df4caffc34/tomli-2.2.1-cp311-cp311-win_amd64.whl", hash = "sha256:2d0f2fdd22b02c6d81637a3c95f8cd77f995846af7414c5c4b8d0545afa1bc4b", size = 108309 },
    { url = "https://files.pythonhosted.org/packages/52/e1/f8af4c2fcde17500422858155aeb0d7e93477a0d59a98e56cbfe75070fd0/tomli-2.2.1-cp312-cp312-macosx_10_13_x86_64.whl", hash = "sha256:4a8f6e44de52d5e6c657c9fe83b562f5f4256d8ebbfe4ff922c495620a7f6cea", size = 132762 },
    { url = "https://files.pythonhosted.org/packages/03/b8/152c68bb84fc00396b83e7bbddd5ec0bd3dd409db4195e2a9b3e398ad2e3/tomli-2.2.1-cp312-cp312-macosx_11_0_arm64.whl", hash = "sha256:8d57ca8095a641b8237d5b079147646153d22552f1c637fd3ba7f4b0b29167a8", size = 123453 },
    { url = "https://files.pythonhosted.org/packages/c8/d6/fc9267af9166f79ac528ff7e8c55c8181ded34eb4b0e93daa767b8841573/tomli-2.2.1-cp312-cp312-manylinux_2_17_aarch64.manylinux2014_aarch64.whl", hash = "sha256:4e340144ad7ae1533cb897d406382b4b6fede8890a03738ff1683af800d54192", size = 233486 },
    { url = "https://files.pythonhosted.org/packages/5c/51/51c3f2884d7bab89af25f678447ea7d297b53b5a3b5730a7cb2ef6069f07/tomli-2.2.1-cp312-cp312-manylinux_2_17_x86_64.manylinux2014_x86_64.whl", hash = "sha256:db2b95f9de79181805df90bedc5a5ab4c165e6ec3fe99f970d0e302f384ad222", size = 242349 },
    { url = "https://files.pythonhosted.org/packages/ab/df/bfa89627d13a5cc22402e441e8a931ef2108403db390ff3345c05253935e/tomli-2.2.1-cp312-cp312-manylinux_2_5_i686.manylinux1_i686.manylinux_2_17_i686.manylinux2014_i686.whl", hash = "sha256:40741994320b232529c802f8bc86da4e1aa9f413db394617b9a256ae0f9a7f77", size = 252159 },
    { url = "https://files.pythonhosted.org/packages/9e/6e/fa2b916dced65763a5168c6ccb91066f7639bdc88b48adda990db10c8c0b/tomli-2.2.1-cp312-cp312-musllinux_1_2_aarch64.whl", hash = "sha256:400e720fe168c0f8521520190686ef8ef033fb19fc493da09779e592861b78c6", size = 237243 },
    { url = "https://files.pythonhosted.org/packages/b4/04/885d3b1f650e1153cbb93a6a9782c58a972b94ea4483ae4ac5cedd5e4a09/tomli-2.2.1-cp312-cp312-musllinux_1_2_i686.whl", hash = "sha256:02abe224de6ae62c19f090f68da4e27b10af2b93213d36cf44e6e1c5abd19fdd", size = 259645 },
    { url = "https://files.pythonhosted.org/packages/9c/de/6b432d66e986e501586da298e28ebeefd3edc2c780f3ad73d22566034239/tomli-2.2.1-cp312-cp312-musllinux_1_2_x86_64.whl", hash = "sha256:b82ebccc8c8a36f2094e969560a1b836758481f3dc360ce9a3277c65f374285e", size = 244584 },
    { url = "https://files.pythonhosted.org/packages/1c/9a/47c0449b98e6e7d1be6cbac02f93dd79003234ddc4aaab6ba07a9a7482e2/tomli-2.2.1-cp312-cp312-win32.whl", hash = "sha256:889f80ef92701b9dbb224e49ec87c645ce5df3fa2cc548664eb8a25e03127a98", size = 98875 },
    { url = "https://files.pythonhosted.org/packages/ef/60/9b9638f081c6f1261e2688bd487625cd1e660d0a85bd469e91d8db969734/tomli-2.2.1-cp312-cp312-win_amd64.whl", hash = "sha256:7fc04e92e1d624a4a63c76474610238576942d6b8950a2d7f908a340494e67e4", size = 109418 },
    { url = "https://files.pythonhosted.org/packages/04/90/2ee5f2e0362cb8a0b6499dc44f4d7d48f8fff06d28ba46e6f1eaa61a1388/tomli-2.2.1-cp313-cp313-macosx_10_13_x86_64.whl", hash = "sha256:f4039b9cbc3048b2416cc57ab3bda989a6fcf9b36cf8937f01a6e731b64f80d7", size = 132708 },
    { url = "https://files.pythonhosted.org/packages/c0/ec/46b4108816de6b385141f082ba99e315501ccd0a2ea23db4a100dd3990ea/tomli-2.2.1-cp313-cp313-macosx_11_0_arm64.whl", hash = "sha256:286f0ca2ffeeb5b9bd4fcc8d6c330534323ec51b2f52da063b11c502da16f30c", size = 123582 },
    { url = "https://files.pythonhosted.org/packages/a0/bd/b470466d0137b37b68d24556c38a0cc819e8febe392d5b199dcd7f578365/tomli-2.2.1-cp313-cp313-manylinux_2_17_aarch64.manylinux2014_aarch64.whl", hash = "sha256:a92ef1a44547e894e2a17d24e7557a5e85a9e1d0048b0b5e7541f76c5032cb13", size = 232543 },
    { url = "https://files.pythonhosted.org/packages/d9/e5/82e80ff3b751373f7cead2815bcbe2d51c895b3c990686741a8e56ec42ab/tomli-2.2.1-cp313-cp313-manylinux_2_17_x86_64.manylinux2014_x86_64.whl", hash = "sha256:9316dc65bed1684c9a98ee68759ceaed29d229e985297003e494aa825ebb0281", size = 241691 },
    { url = "https://files.pythonhosted.org/packages/05/7e/2a110bc2713557d6a1bfb06af23dd01e7dde52b6ee7dadc589868f9abfac/tomli-2.2.1-cp313-cp313-manylinux_2_5_i686.manylinux1_i686.manylinux_2_17_i686.manylinux2014_i686.whl", hash = "sha256:e85e99945e688e32d5a35c1ff38ed0b3f41f43fad8df0bdf79f72b2ba7bc5272", size = 251170 },
    { url = "https://files.pythonhosted.org/packages/64/7b/22d713946efe00e0adbcdfd6d1aa119ae03fd0b60ebed51ebb3fa9f5a2e5/tomli-2.2.1-cp313-cp313-musllinux_1_2_aarch64.whl", hash = "sha256:ac065718db92ca818f8d6141b5f66369833d4a80a9d74435a268c52bdfa73140", size = 236530 },
    { url = "https://files.pythonhosted.org/packages/38/31/3a76f67da4b0cf37b742ca76beaf819dca0ebef26d78fc794a576e08accf/tomli-2.2.1-cp313-cp313-musllinux_1_2_i686.whl", hash = "sha256:d920f33822747519673ee656a4b6ac33e382eca9d331c87770faa3eef562aeb2", size = 258666 },
    { url = "https://files.pythonhosted.org/packages/07/10/5af1293da642aded87e8a988753945d0cf7e00a9452d3911dd3bb354c9e2/tomli-2.2.1-cp313-cp313-musllinux_1_2_x86_64.whl", hash = "sha256:a198f10c4d1b1375d7687bc25294306e551bf1abfa4eace6650070a5c1ae2744", size = 243954 },
    { url = "https://files.pythonhosted.org/packages/5b/b9/1ed31d167be802da0fc95020d04cd27b7d7065cc6fbefdd2f9186f60d7bd/tomli-2.2.1-cp313-cp313-win32.whl", hash = "sha256:d3f5614314d758649ab2ab3a62d4f2004c825922f9e370b29416484086b264ec", size = 98724 },
    { url = "https://files.pythonhosted.org/packages/c7/32/b0963458706accd9afcfeb867c0f9175a741bf7b19cd424230714d722198/tomli-2.2.1-cp313-cp313-win_amd64.whl", hash = "sha256:a38aa0308e754b0e3c67e344754dff64999ff9b513e691d0e786265c93583c69", size = 109383 },
    { url = "https://files.pythonhosted.org/packages/6e/c2/61d3e0f47e2b74ef40a68b9e6ad5984f6241a942f7cd3bbfbdbd03861ea9/tomli-2.2.1-py3-none-any.whl", hash = "sha256:cb55c73c5f4408779d0cf3eef9f762b9c9f147a77de7b258bef0a5628adc85cc", size = 14257 },
]

[[package]]
name = "typing-extensions"
version = "4.7.1"
source = { registry = "https://pypi.org/simple" }
sdist = { url = "https://files.pythonhosted.org/packages/3c/8b/0111dd7d6c1478bf83baa1cab85c686426c7a6274119aceb2bd9d35395ad/typing_extensions-4.7.1.tar.gz", hash = "sha256:b75ddc264f0ba5615db7ba217daeb99701ad295353c45f9e95963337ceeeffb2", size = 72876 }
wheels = [
    { url = "https://files.pythonhosted.org/packages/ec/6b/63cc3df74987c36fe26157ee12e09e8f9db4de771e0f3404263117e75b95/typing_extensions-4.7.1-py3-none-any.whl", hash = "sha256:440d5dd3af93b060174bf433bccd69b0babc3b15b1a8dca43789fd7f61514b36", size = 33232 },
]

[[package]]
name = "tzdata"
version = "2025.1"
source = { registry = "https://pypi.org/simple" }
sdist = { url = "https://files.pythonhosted.org/packages/43/0f/fa4723f22942480be4ca9527bbde8d43f6c3f2fe8412f00e7f5f6746bc8b/tzdata-2025.1.tar.gz", hash = "sha256:24894909e88cdb28bd1636c6887801df64cb485bd593f2fd83ef29075a81d694", size = 194950 }
wheels = [
    { url = "https://files.pythonhosted.org/packages/0f/dd/84f10e23edd882c6f968c21c2434fe67bd4a528967067515feca9e611e5e/tzdata-2025.1-py2.py3-none-any.whl", hash = "sha256:7e127113816800496f027041c570f50bcd464a020098a3b6b199517772303639", size = 346762 },
]

[[package]]
name = "vites"
version = "0.1.0"
source = { editable = "." }
dependencies = [
    { name = "polyfactory" },
    { name = "pydantic" },
]

[package.dev-dependencies]
spark = [
    { name = "pyspark" },
]
test = [
    { name = "pytest" },
]

[package.metadata]
requires-dist = [
    { name = "polyfactory", specifier = ">=2.19.0" },
    { name = "pydantic", specifier = ">=2.5.3" },
]

[package.metadata.requires-dev]
spark = [{ name = "pyspark", specifier = ">=3.5.5" }]
test = [{ name = "pytest", specifier = ">=8.3.5" }]
